// !$*UTF8*$!
{
	archiveVersion = 1;
	classes = {
	};
	objectVersion = 55;
	objects = {

/* Begin PBXBuildFile section */
		32E8D714286C8B2600E7E91E /* AppDelegate.swift in Sources */ = {isa = PBXBuildFile; fileRef = 32E8D713286C8B2600E7E91E /* AppDelegate.swift */; };
		32E8D716286C8B2600E7E91E /* SceneDelegate.swift in Sources */ = {isa = PBXBuildFile; fileRef = 32E8D715286C8B2600E7E91E /* SceneDelegate.swift */; };
		32E8D718286C8B2600E7E91E /* ViewController.swift in Sources */ = {isa = PBXBuildFile; fileRef = 32E8D717286C8B2600E7E91E /* ViewController.swift */; };
		32E8D71B286C8B2600E7E91E /* Main.storyboard in Resources */ = {isa = PBXBuildFile; fileRef = 32E8D719286C8B2600E7E91E /* Main.storyboard */; };
		32E8D71D286C8B2A00E7E91E /* Assets.xcassets in Resources */ = {isa = PBXBuildFile; fileRef = 32E8D71C286C8B2A00E7E91E /* Assets.xcassets */; };
		32E8D720286C8B2A00E7E91E /* LaunchScreen.storyboard in Resources */ = {isa = PBXBuildFile; fileRef = 32E8D71E286C8B2A00E7E91E /* LaunchScreen.storyboard */; };
		32E8D728286D789000E7E91E /* Entity.swift in Sources */ = {isa = PBXBuildFile; fileRef = 32E8D727286D788F00E7E91E /* Entity.swift */; };
		32E8D72A286D7A7700E7E91E /* API.swift in Sources */ = {isa = PBXBuildFile; fileRef = 32E8D729286D7A7700E7E91E /* API.swift */; };
		32E8D72C286DA0B600E7E91E /* HealthCheckViewController.swift in Sources */ = {isa = PBXBuildFile; fileRef = 32E8D72B286DA0B600E7E91E /* HealthCheckViewController.swift */; };
		32E8D72E286EB54100E7E91E /* ChartViewController.swift in Sources */ = {isa = PBXBuildFile; fileRef = 32E8D72D286EB54100E7E91E /* ChartViewController.swift */; };
		32E8D730286ECA4900E7E91E /* CircleChartViewController.swift in Sources */ = {isa = PBXBuildFile; fileRef = 32E8D72F286ECA4900E7E91E /* CircleChartViewController.swift */; };
		32E8D732286ECEC400E7E91E /* CovidSingleton.swift in Sources */ = {isa = PBXBuildFile; fileRef = 32E8D731286ECEC400E7E91E /* CovidSingleton.swift */; };
		D30FDF943D14D2B4126F0565 /* Pods_Covid.framework in Frameworks */ = {isa = PBXBuildFile; fileRef = DBBD0B4E1A9DDAE5B9A86593 /* Pods_Covid.framework */; };
/* End PBXBuildFile section */

/* Begin PBXFileReference section */
		0AE82682AC933CB1F486542B /* Pods-Covid.release.xcconfig */ = {isa = PBXFileReference; includeInIndex = 1; lastKnownFileType = text.xcconfig; name = "Pods-Covid.release.xcconfig"; path = "Target Support Files/Pods-Covid/Pods-Covid.release.xcconfig"; sourceTree = "<group>"; };
		32E8D710286C8B2600E7E91E /* Covid.app */ = {isa = PBXFileReference; explicitFileType = wrapper.application; includeInIndex = 0; path = Covid.app; sourceTree = BUILT_PRODUCTS_DIR; };
		32E8D713286C8B2600E7E91E /* AppDelegate.swift */ = {isa = PBXFileReference; lastKnownFileType = sourcecode.swift; path = AppDelegate.swift; sourceTree = "<group>"; };
		32E8D715286C8B2600E7E91E /* SceneDelegate.swift */ = {isa = PBXFileReference; lastKnownFileType = sourcecode.swift; path = SceneDelegate.swift; sourceTree = "<group>"; };
		32E8D717286C8B2600E7E91E /* ViewController.swift */ = {isa = PBXFileReference; lastKnownFileType = sourcecode.swift; path = ViewController.swift; sourceTree = "<group>"; };
		32E8D71A286C8B2600E7E91E /* Base */ = {isa = PBXFileReference; lastKnownFileType = file.storyboard; name = Base; path = Base.lproj/Main.storyboard; sourceTree = "<group>"; };
		32E8D71C286C8B2A00E7E91E /* Assets.xcassets */ = {isa = PBXFileReference; lastKnownFileType = folder.assetcatalog; path = Assets.xcassets; sourceTree = "<group>"; };
		32E8D71F286C8B2A00E7E91E /* Base */ = {isa = PBXFileReference; lastKnownFileType = file.storyboard; name = Base; path = Base.lproj/LaunchScreen.storyboard; sourceTree = "<group>"; };
		32E8D721286C8B2A00E7E91E /* Info.plist */ = {isa = PBXFileReference; lastKnownFileType = text.plist.xml; path = Info.plist; sourceTree = "<group>"; };
		32E8D727286D788F00E7E91E /* Entity.swift */ = {isa = PBXFileReference; lastKnownFileType = sourcecode.swift; path = Entity.swift; sourceTree = "<group>"; };
		32E8D729286D7A7700E7E91E /* API.swift */ = {isa = PBXFileReference; lastKnownFileType = sourcecode.swift; path = API.swift; sourceTree = "<group>"; };
		32E8D72B286DA0B600E7E91E /* HealthCheckViewController.swift */ = {isa = PBXFileReference; lastKnownFileType = sourcecode.swift; path = HealthCheckViewController.swift; sourceTree = "<group>"; };
		32E8D72D286EB54100E7E91E /* ChartViewController.swift */ = {isa = PBXFileReference; lastKnownFileType = sourcecode.swift; path = ChartViewController.swift; sourceTree = "<group>"; };
		32E8D72F286ECA4900E7E91E /* CircleChartViewController.swift */ = {isa = PBXFileReference; lastKnownFileType = sourcecode.swift; path = CircleChartViewController.swift; sourceTree = "<group>"; };
		32E8D731286ECEC400E7E91E /* CovidSingleton.swift */ = {isa = PBXFileReference; lastKnownFileType = sourcecode.swift; path = CovidSingleton.swift; sourceTree = "<group>"; };
		979825E433AF29A9ECE3ECC3 /* Pods-Covid.debug.xcconfig */ = {isa = PBXFileReference; includeInIndex = 1; lastKnownFileType = text.xcconfig; name = "Pods-Covid.debug.xcconfig"; path = "Target Support Files/Pods-Covid/Pods-Covid.debug.xcconfig"; sourceTree = "<group>"; };
		DBBD0B4E1A9DDAE5B9A86593 /* Pods_Covid.framework */ = {isa = PBXFileReference; explicitFileType = wrapper.framework; includeInIndex = 0; path = Pods_Covid.framework; sourceTree = BUILT_PRODUCTS_DIR; };
/* End PBXFileReference section */

/* Begin PBXFrameworksBuildPhase section */
		32E8D70D286C8B2600E7E91E /* Frameworks */ = {
			isa = PBXFrameworksBuildPhase;
			buildActionMask = 2147483647;
			files = (
				D30FDF943D14D2B4126F0565 /* Pods_Covid.framework in Frameworks */,
			);
			runOnlyForDeploymentPostprocessing = 0;
		};
/* End PBXFrameworksBuildPhase section */

/* Begin PBXGroup section */
		32E8D707286C8B2600E7E91E = {
			isa = PBXGroup;
			children = (
				32E8D712286C8B2600E7E91E /* Covid */,
				32E8D711286C8B2600E7E91E /* Products */,
				42073B285D2ED810E4A7E459 /* Pods */,
				A8E1DE399C06C53129691C47 /* Frameworks */,
			);
			sourceTree = "<group>";
		};
		32E8D711286C8B2600E7E91E /* Products */ = {
			isa = PBXGroup;
			children = (
				32E8D710286C8B2600E7E91E /* Covid.app */,
			);
			name = Products;
			sourceTree = "<group>";
		};
		32E8D712286C8B2600E7E91E /* Covid */ = {
			isa = PBXGroup;
			children = (
				32E8D713286C8B2600E7E91E /* AppDelegate.swift */,
				32E8D715286C8B2600E7E91E /* SceneDelegate.swift */,
				32E8D717286C8B2600E7E91E /* ViewController.swift */,
				32E8D72B286DA0B600E7E91E /* HealthCheckViewController.swift */,
				32E8D72D286EB54100E7E91E /* ChartViewController.swift */,
				32E8D72F286ECA4900E7E91E /* CircleChartViewController.swift */,
				32E8D727286D788F00E7E91E /* Entity.swift */,
				32E8D729286D7A7700E7E91E /* API.swift */,
				32E8D731286ECEC400E7E91E /* CovidSingleton.swift */,
				32E8D719286C8B2600E7E91E /* Main.storyboard */,
				32E8D71C286C8B2A00E7E91E /* Assets.xcassets */,
				32E8D71E286C8B2A00E7E91E /* LaunchScreen.storyboard */,
				32E8D721286C8B2A00E7E91E /* Info.plist */,
			);
			path = Covid;
			sourceTree = "<group>";
		};
		42073B285D2ED810E4A7E459 /* Pods */ = {
			isa = PBXGroup;
			children = (
				979825E433AF29A9ECE3ECC3 /* Pods-Covid.debug.xcconfig */,
				0AE82682AC933CB1F486542B /* Pods-Covid.release.xcconfig */,
			);
			path = Pods;
			sourceTree = "<group>";
		};
		A8E1DE399C06C53129691C47 /* Frameworks */ = {
			isa = PBXGroup;
			children = (
				DBBD0B4E1A9DDAE5B9A86593 /* Pods_Covid.framework */,
			);
			name = Frameworks;
			sourceTree = "<group>";
		};
/* End PBXGroup section */

/* Begin PBXNativeTarget section */
		32E8D70F286C8B2600E7E91E /* Covid */ = {
			isa = PBXNativeTarget;
			buildConfigurationList = 32E8D724286C8B2A00E7E91E /* Build configuration list for PBXNativeTarget "Covid" */;
			buildPhases = (
				6F62CAFAB134F3641D02840F /* [CP] Check Pods Manifest.lock */,
				32E8D70C286C8B2600E7E91E /* Sources */,
				32E8D70D286C8B2600E7E91E /* Frameworks */,
				32E8D70E286C8B2600E7E91E /* Resources */,
				56A1E68B8BF67F4672B594AE /* [CP] Embed Pods Frameworks */,
			);
			buildRules = (
			);
			dependencies = (
			);
			name = Covid;
			productName = Covid;
			productReference = 32E8D710286C8B2600E7E91E /* Covid.app */;
			productType = "com.apple.product-type.application";
		};
/* End PBXNativeTarget section */

/* Begin PBXProject section */
		32E8D708286C8B2600E7E91E /* Project object */ = {
			isa = PBXProject;
			attributes = {
				BuildIndependentTargetsInParallel = 1;
				LastSwiftUpdateCheck = 1340;
				LastUpgradeCheck = 1340;
				TargetAttributes = {
					32E8D70F286C8B2600E7E91E = {
						CreatedOnToolsVersion = 13.4.1;
					};
				};
			};
			buildConfigurationList = 32E8D70B286C8B2600E7E91E /* Build configuration list for PBXProject "Covid" */;
			compatibilityVersion = "Xcode 13.0";
			developmentRegion = en;
			hasScannedForEncodings = 0;
			knownRegions = (
				en,
				Base,
			);
			mainGroup = 32E8D707286C8B2600E7E91E;
			productRefGroup = 32E8D711286C8B2600E7E91E /* Products */;
			projectDirPath = "";
			projectRoot = "";
			targets = (
				32E8D70F286C8B2600E7E91E /* Covid */,
			);
		};
/* End PBXProject section */

/* Begin PBXResourcesBuildPhase section */
		32E8D70E286C8B2600E7E91E /* Resources */ = {
			isa = PBXResourcesBuildPhase;
			buildActionMask = 2147483647;
			files = (
				32E8D720286C8B2A00E7E91E /* LaunchScreen.storyboard in Resources */,
				32E8D71D286C8B2A00E7E91E /* Assets.xcassets in Resources */,
				32E8D71B286C8B2600E7E91E /* Main.storyboard in Resources */,
			);
			runOnlyForDeploymentPostprocessing = 0;
		};
/* End PBXResourcesBuildPhase section */

/* Begin PBXShellScriptBuildPhase section */
		56A1E68B8BF67F4672B594AE /* [CP] Embed Pods Frameworks */ = {
			isa = PBXShellScriptBuildPhase;
			buildActionMask = 2147483647;
			files = (
			);
			inputFileListPaths = (
				"${PODS_ROOT}/Target Support Files/Pods-Covid/Pods-Covid-frameworks-${CONFIGURATION}-input-files.xcfilelist",
			);
			name = "[CP] Embed Pods Frameworks";
			outputFileListPaths = (
				"${PODS_ROOT}/Target Support Files/Pods-Covid/Pods-Covid-frameworks-${CONFIGURATION}-output-files.xcfilelist",
			);
			runOnlyForDeploymentPostprocessing = 0;
			shellPath = /bin/sh;
			shellScript = "\"${PODS_ROOT}/Target Support Files/Pods-Covid/Pods-Covid-frameworks.sh\"\n";
			showEnvVarsInLog = 0;
		};
		6F62CAFAB134F3641D02840F /* [CP] Check Pods Manifest.lock */ = {
			isa = PBXShellScriptBuildPhase;
			buildActionMask = 2147483647;
			files = (
			);
			inputFileListPaths = (
			);
			inputPaths = (
				"${PODS_PODFILE_DIR_PATH}/Podfile.lock",
				"${PODS_ROOT}/Manifest.lock",
			);
			name = "[CP] Check Pods Manifest.lock";
			outputFileListPaths = (
			);
			outputPaths = (
				"$(DERIVED_FILE_DIR)/Pods-Covid-checkManifestLockResult.txt",
			);
			runOnlyForDeploymentPostprocessing = 0;
			shellPath = /bin/sh;
			shellScript = "diff \"${PODS_PODFILE_DIR_PATH}/Podfile.lock\" \"${PODS_ROOT}/Manifest.lock\" > /dev/null\nif [ $? != 0 ] ; then\n    # print error to STDERR\n    echo \"error: The sandbox is not in sync with the Podfile.lock. Run 'pod install' or update your CocoaPods installation.\" >&2\n    exit 1\nfi\n# This output is used by Xcode 'outputs' to avoid re-running this script phase.\necho \"SUCCESS\" > \"${SCRIPT_OUTPUT_FILE_0}\"\n";
			showEnvVarsInLog = 0;
		};
/* End PBXShellScriptBuildPhase section */

/* Begin PBXSourcesBuildPhase section */
		32E8D70C286C8B2600E7E91E /* Sources */ = {
			isa = PBXSourcesBuildPhase;
			buildActionMask = 2147483647;
			files = (
				32E8D728286D789000E7E91E /* Entity.swift in Sources */,
				32E8D72E286EB54100E7E91E /* ChartViewController.swift in Sources */,
				32E8D72C286DA0B600E7E91E /* HealthCheckViewController.swift in Sources */,
				32E8D732286ECEC400E7E91E /* CovidSingleton.swift in Sources */,
				32E8D718286C8B2600E7E91E /* ViewController.swift in Sources */,
				32E8D714286C8B2600E7E91E /* AppDelegate.swift in Sources */,
				32E8D730286ECA4900E7E91E /* CircleChartViewController.swift in Sources */,
				32E8D716286C8B2600E7E91E /* SceneDelegate.swift in Sources */,
				32E8D72A286D7A7700E7E91E /* API.swift in Sources */,
			);
			runOnlyForDeploymentPostprocessing = 0;
		};
/* End PBXSourcesBuildPhase section */

/* Begin PBXVariantGroup section */
		32E8D719286C8B2600E7E91E /* Main.storyboard */ = {
			isa = PBXVariantGroup;
			children = (
				32E8D71A286C8B2600E7E91E /* Base */,
			);
			name = Main.storyboard;
			sourceTree = "<group>";
		};
		32E8D71E286C8B2A00E7E91E /* LaunchScreen.storyboard */ = {
			isa = PBXVariantGroup;
			children = (
				32E8D71F286C8B2A00E7E91E /* Base */,
			);
			name = LaunchScreen.storyboard;
			sourceTree = "<group>";
		};
/* End PBXVariantGroup section */

/* Begin XCBuildConfiguration section */
		32E8D722286C8B2A00E7E91E /* Debug */ = {
			isa = XCBuildConfiguration;
			buildSettings = {
				ALWAYS_SEARCH_USER_PATHS = NO;
				CLANG_ANALYZER_NONNULL = YES;
				CLANG_ANALYZER_NUMBER_OBJECT_CONVERSION = YES_AGGRESSIVE;
				CLANG_CXX_LANGUAGE_STANDARD = "gnu++17";
				CLANG_ENABLE_MODULES = YES;
				CLANG_ENABLE_OBJC_ARC = YES;
				CLANG_ENABLE_OBJC_WEAK = YES;
				CLANG_WARN_BLOCK_CAPTURE_AUTORELEASING = YES;
				CLANG_WARN_BOOL_CONVERSION = YES;
				CLANG_WARN_COMMA = YES;
				CLANG_WARN_CONSTANT_CONVERSION = YES;
				CLANG_WARN_DEPRECATED_OBJC_IMPLEMENTATIONS = YES;
				CLANG_WARN_DIRECT_OBJC_ISA_USAGE = YES_ERROR;
				CLANG_WARN_DOCUMENTATION_COMMENTS = YES;
				CLANG_WARN_EMPTY_BODY = YES;
				CLANG_WARN_ENUM_CONVERSION = YES;
				CLANG_WARN_INFINITE_RECURSION = YES;
				CLANG_WARN_INT_CONVERSION = YES;
				CLANG_WARN_NON_LITERAL_NULL_CONVERSION = YES;
				CLANG_WARN_OBJC_IMPLICIT_RETAIN_SELF = YES;
				CLANG_WARN_OBJC_LITERAL_CONVERSION = YES;
				CLANG_WARN_OBJC_ROOT_CLASS = YES_ERROR;
				CLANG_WARN_QUOTED_INCLUDE_IN_FRAMEWORK_HEADER = YES;
				CLANG_WARN_RANGE_LOOP_ANALYSIS = YES;
				CLANG_WARN_STRICT_PROTOTYPES = YES;
				CLANG_WARN_SUSPICIOUS_MOVE = YES;
				CLANG_WARN_UNGUARDED_AVAILABILITY = YES_AGGRESSIVE;
				CLANG_WARN_UNREACHABLE_CODE = YES;
				CLANG_WARN__DUPLICATE_METHOD_MATCH = YES;
				COPY_PHASE_STRIP = NO;
				DEBUG_INFORMATION_FORMAT = dwarf;
				ENABLE_STRICT_OBJC_MSGSEND = YES;
				ENABLE_TESTABILITY = YES;
				GCC_C_LANGUAGE_STANDARD = gnu11;
				GCC_DYNAMIC_NO_PIC = NO;
				GCC_NO_COMMON_BLOCKS = YES;
				GCC_OPTIMIZATION_LEVEL = 0;
				GCC_PREPROCESSOR_DEFINITIONS = (
					"DEBUG=1",
					"$(inherited)",
				);
				GCC_WARN_64_TO_32_BIT_CONVERSION = YES;
				GCC_WARN_ABOUT_RETURN_TYPE = YES_ERROR;
				GCC_WARN_UNDECLARED_SELECTOR = YES;
				GCC_WARN_UNINITIALIZED_AUTOS = YES_AGGRESSIVE;
				GCC_WARN_UNUSED_FUNCTION = YES;
				GCC_WARN_UNUSED_VARIABLE = YES;
				IPHONEOS_DEPLOYMENT_TARGET = 15.5;
				MTL_ENABLE_DEBUG_INFO = INCLUDE_SOURCE;
				MTL_FAST_MATH = YES;
				ONLY_ACTIVE_ARCH = YES;
				SDKROOT = iphoneos;
				SWIFT_ACTIVE_COMPILATION_CONDITIONS = DEBUG;
				SWIFT_OPTIMIZATION_LEVEL = "-Onone";
			};
			name = Debug;
		};
		32E8D723286C8B2A00E7E91E /* Release */ = {
			isa = XCBuildConfiguration;
			buildSettings = {
				ALWAYS_SEARCH_USER_PATHS = NO;
				CLANG_ANALYZER_NONNULL = YES;
				CLANG_ANALYZER_NUMBER_OBJECT_CONVERSION = YES_AGGRESSIVE;
				CLANG_CXX_LANGUAGE_STANDARD = "gnu++17";
				CLANG_ENABLE_MODULES = YES;
				CLANG_ENABLE_OBJC_ARC = YES;
				CLANG_ENABLE_OBJC_WEAK = YES;
				CLANG_WARN_BLOCK_CAPTURE_AUTORELEASING = YES;
				CLANG_WARN_BOOL_CONVERSION = YES;
				CLANG_WARN_COMMA = YES;
				CLANG_WARN_CONSTANT_CONVERSION = YES;
				CLANG_WARN_DEPRECATED_OBJC_IMPLEMENTATIONS = YES;
				CLANG_WARN_DIRECT_OBJC_ISA_USAGE = YES_ERROR;
				CLANG_WARN_DOCUMENTATION_COMMENTS = YES;
				CLANG_WARN_EMPTY_BODY = YES;
				CLANG_WARN_ENUM_CONVERSION = YES;
				CLANG_WARN_INFINITE_RECURSION = YES;
				CLANG_WARN_INT_CONVERSION = YES;
				CLANG_WARN_NON_LITERAL_NULL_CONVERSION = YES;
				CLANG_WARN_OBJC_IMPLICIT_RETAIN_SELF = YES;
				CLANG_WARN_OBJC_LITERAL_CONVERSION = YES;
				CLANG_WARN_OBJC_ROOT_CLASS = YES_ERROR;
				CLANG_WARN_QUOTED_INCLUDE_IN_FRAMEWORK_HEADER = YES;
				CLANG_WARN_RANGE_LOOP_ANALYSIS = YES;
				CLANG_WARN_STRICT_PROTOTYPES = YES;
				CLANG_WARN_SUSPICIOUS_MOVE = YES;
				CLANG_WARN_UNGUARDED_AVAILABILITY = YES_AGGRESSIVE;
				CLANG_WARN_UNREACHABLE_CODE = YES;
				CLANG_WARN__DUPLICATE_METHOD_MATCH = YES;
				COPY_PHASE_STRIP = NO;
				DEBUG_INFORMATION_FORMAT = "dwarf-with-dsym";
				ENABLE_NS_ASSERTIONS = NO;
				ENABLE_STRICT_OBJC_MSGSEND = YES;
				GCC_C_LANGUAGE_STANDARD = gnu11;
				GCC_NO_COMMON_BLOCKS = YES;
				GCC_WARN_64_TO_32_BIT_CONVERSION = YES;
				GCC_WARN_ABOUT_RETURN_TYPE = YES_ERROR;
				GCC_WARN_UNDECLARED_SELECTOR = YES;
				GCC_WARN_UNINITIALIZED_AUTOS = YES_AGGRESSIVE;
				GCC_WARN_UNUSED_FUNCTION = YES;
				GCC_WARN_UNUSED_VARIABLE = YES;
				IPHONEOS_DEPLOYMENT_TARGET = 15.5;
				MTL_ENABLE_DEBUG_INFO = NO;
				MTL_FAST_MATH = YES;
				SDKROOT = iphoneos;
				SWIFT_COMPILATION_MODE = wholemodule;
				SWIFT_OPTIMIZATION_LEVEL = "-O";
				VALIDATE_PRODUCT = YES;
			};
			name = Release;
		};
		32E8D725286C8B2A00E7E91E /* Debug */ = {
			isa = XCBuildConfiguration;
			baseConfigurationReference = 979825E433AF29A9ECE3ECC3 /* Pods-Covid.debug.xcconfig */;
			buildSettings = {
				ASSETCATALOG_COMPILER_APPICON_NAME = AppIcon;
				ASSETCATALOG_COMPILER_GLOBAL_ACCENT_COLOR_NAME = AccentColor;
				CODE_SIGN_STYLE = Automatic;
				CURRENT_PROJECT_VERSION = 1;
				DEVELOPMENT_TEAM = 35X97764XV;
				GENERATE_INFOPLIST_FILE = YES;
				INFOPLIST_FILE = Covid/Info.plist;
				INFOPLIST_KEY_UIApplicationSupportsIndirectInputEvents = YES;
				INFOPLIST_KEY_UILaunchStoryboardName = LaunchScreen;
				INFOPLIST_KEY_UIMainStoryboardFile = Main;
				INFOPLIST_KEY_UISupportedInterfaceOrientations_iPad = "UIInterfaceOrientationPortrait UIInterfaceOrientationPortraitUpsideDown UIInterfaceOrientationLandscapeLeft UIInterfaceOrientationLandscapeRight";
				INFOPLIST_KEY_UISupportedInterfaceOrientations_iPhone = "UIInterfaceOrientationPortrait UIInterfaceOrientationLandscapeLeft UIInterfaceOrientationLandscapeRight";
				LD_RUNPATH_SEARCH_PATHS = (
					"$(inherited)",
					"@executable_path/Frameworks",
				);
				MARKETING_VERSION = 1.0;
				PRODUCT_BUNDLE_IDENTIFIER = com.covidriku.Covid;
				PRODUCT_NAME = "$(TARGET_NAME)";
				SWIFT_EMIT_LOC_STRINGS = YES;
				SWIFT_VERSION = 5.0;
				TARGETED_DEVICE_FAMILY = "1,2";
			};
			name = Debug;
		};
		32E8D726286C8B2A00E7E91E /* Release */ = {
			isa = XCBuildConfiguration;
			baseConfigurationReference = 0AE82682AC933CB1F486542B /* Pods-Covid.release.xcconfig */;
			buildSettings = {
				ASSETCATALOG_COMPILER_APPICON_NAME = AppIcon;
				ASSETCATALOG_COMPILER_GLOBAL_ACCENT_COLOR_NAME = AccentColor;
				CODE_SIGN_STYLE = Automatic;
				CURRENT_PROJECT_VERSION = 1;
				DEVELOPMENT_TEAM = 35X97764XV;
				GENERATE_INFOPLIST_FILE = YES;
				INFOPLIST_FILE = Covid/Info.plist;
				INFOPLIST_KEY_UIApplicationSupportsIndirectInputEvents = YES;
				INFOPLIST_KEY_UILaunchStoryboardName = LaunchScreen;
				INFOPLIST_KEY_UIMainStoryboardFile = Main;
				INFOPLIST_KEY_UISupportedInterfaceOrientations_iPad = "UIInterfaceOrientationPortrait UIInterfaceOrientationPortraitUpsideDown UIInterfaceOrientationLandscapeLeft UIInterfaceOrientationLandscapeRight";
				INFOPLIST_KEY_UISupportedInterfaceOrientations_iPhone = "UIInterfaceOrientationPortrait UIInterfaceOrientationLandscapeLeft UIInterfaceOrientationLandscapeRight";
				LD_RUNPATH_SEARCH_PATHS = (
					"$(inherited)",
					"@executable_path/Frameworks",
				);
				MARKETING_VERSION = 1.0;
				PRODUCT_BUNDLE_IDENTIFIER = com.covidriku.Covid;
				PRODUCT_NAME = "$(TARGET_NAME)";
				SWIFT_EMIT_LOC_STRINGS = YES;
				SWIFT_VERSION = 5.0;
				TARGETED_DEVICE_FAMILY = "1,2";
			};
			name = Release;
		};
/* End XCBuildConfiguration section */

/* Begin XCConfigurationList section */
		32E8D70B286C8B2600E7E91E /* Build configuration list for PBXProject "Covid" */ = {
			isa = XCConfigurationList;
			buildConfigurations = (
				32E8D722286C8B2A00E7E91E /* Debug */,
				32E8D723286C8B2A00E7E91E /* Release */,
			);
			defaultConfigurationIsVisible = 0;
			defaultConfigurationName = Release;
		};
		32E8D724286C8B2A00E7E91E /* Build configuration list for PBXNativeTarget "Covid" */ = {
			isa = XCConfigurationList;
			buildConfigurations = (
				32E8D725286C8B2A00E7E91E /* Debug */,
				32E8D726286C8B2A00E7E91E /* Release */,
			);
			defaultConfigurationIsVisible = 0;
			defaultConfigurationName = Release;
		};
/* End XCConfigurationList section */
	};
	rootObject = 32E8D708286C8B2600E7E91E /* Project object */;
}
